
Microsoft Visual Studio Solution File, Format Version 12.00
# Visual Studio 14
VisualStudioVersion = 14.0.25420.1
MinimumVisualStudioVersion = 10.0.40219.1
Project("{2150E333-8FDC-42A3-9474-1A3956D46DE8}") = "src", "src", "{89E66243-7329-4FDA-A5DC-E8A42D0F4EC1}"
EndProject
Project("{2150E333-8FDC-42A3-9474-1A3956D46DE8}") = "Solution Items", "Solution Items", "{4465A5AF-30FD-4A39-9DAB-903AA132AED3}"
	ProjectSection(SolutionItems) = preProject
		global.json = global.json
	EndProjectSection
EndProject
Project("{8BB2217D-0F2D-49D1-97BC-3654ED321F3B}") = "ServerComponents.Tests", "Test\ServerComponents.Tests\ServerComponents.Tests.xproj", "{56C92670-2547-4B82-97FA-C9677646836C}"
EndProject
Project("{8BB2217D-0F2D-49D1-97BC-3654ED321F3B}") = "ServerComponents", "src\ServerComponents\ServerComponents.xproj", "{B23AAF4C-5C7A-41AC-9CBC-736F8291B93F}"
EndProject
Project("{8BB2217D-0F2D-49D1-97BC-3654ED321F3B}") = "ServerAbstractions", "src\ServerAbstractions\ServerAbstractions.xproj", "{693B87B0-F82C-4B7E-9DC7-9DC849DAFD77}"
EndProject
Project("{8BB2217D-0F2D-49D1-97BC-3654ED321F3B}") = "CoreAbstractions", "src\CoreAbstractions\CoreAbstractions.xproj", "{4B4BC71B-C727-4C81-9FBE-802606608447}"
EndProject
Project("{2150E333-8FDC-42A3-9474-1A3956D46DE8}") = "test", "test", "{DD33F128-2475-4258-9D6F-67AC09E19B3C}"
EndProject
Project("{8BB2217D-0F2D-49D1-97BC-3654ED321F3B}") = "CoreAbstractions.Tests", "Test\CoreAbstractions.Tests\CoreAbstractions.Tests.xproj", "{6C4D981B-777E-4821-A72C-0AAC8AE6D525}"
EndProject
Project("{8BB2217D-0F2D-49D1-97BC-3654ED321F3B}") = "TestsCore", "Test\TestsCore\TestsCore.xproj", "{1354E5F2-3B06-472D-967E-8A392AEC7F80}"
EndProject
Global
	GlobalSection(SolutionConfigurationPlatforms) = preSolution
		Debug|Any CPU = Debug|Any CPU
		Release|Any CPU = Release|Any CPU
	EndGlobalSection
	GlobalSection(ProjectConfigurationPlatforms) = postSolution
		{56C92670-2547-4B82-97FA-C9677646836C}.Debug|Any CPU.ActiveCfg = Debug|Any CPU
		{56C92670-2547-4B82-97FA-C9677646836C}.Debug|Any CPU.Build.0 = Debug|Any CPU
		{56C92670-2547-4B82-97FA-C9677646836C}.Release|Any CPU.ActiveCfg = Release|Any CPU
		{56C92670-2547-4B82-97FA-C9677646836C}.Release|Any CPU.Build.0 = Release|Any CPU
		{B23AAF4C-5C7A-41AC-9CBC-736F8291B93F}.Debug|Any CPU.ActiveCfg = Debug|Any CPU
		{B23AAF4C-5C7A-41AC-9CBC-736F8291B93F}.Debug|Any CPU.Build.0 = Debug|Any CPU
		{B23AAF4C-5C7A-41AC-9CBC-736F8291B93F}.Release|Any CPU.ActiveCfg = Release|Any CPU
		{B23AAF4C-5C7A-41AC-9CBC-736F8291B93F}.Release|Any CPU.Build.0 = Release|Any CPU
		{693B87B0-F82C-4B7E-9DC7-9DC849DAFD77}.Debug|Any CPU.ActiveCfg = Debug|Any CPU
		{693B87B0-F82C-4B7E-9DC7-9DC849DAFD77}.Debug|Any CPU.Build.0 = Debug|Any CPU
		{693B87B0-F82C-4B7E-9DC7-9DC849DAFD77}.Release|Any CPU.ActiveCfg = Release|Any CPU
		{693B87B0-F82C-4B7E-9DC7-9DC849DAFD77}.Release|Any CPU.Build.0 = Release|Any CPU
		{4B4BC71B-C727-4C81-9FBE-802606608447}.Debug|Any CPU.ActiveCfg = Debug|Any CPU
		{4B4BC71B-C727-4C81-9FBE-802606608447}.Debug|Any CPU.Build.0 = Debug|Any CPU
		{4B4BC71B-C727-4C81-9FBE-802606608447}.Release|Any CPU.ActiveCfg = Release|Any CPU
		{4B4BC71B-C727-4C81-9FBE-802606608447}.Release|Any CPU.Build.0 = Release|Any CPU
		{6C4D981B-777E-4821-A72C-0AAC8AE6D525}.Debug|Any CPU.ActiveCfg = Debug|Any CPU
		{6C4D981B-777E-4821-A72C-0AAC8AE6D525}.Debug|Any CPU.Build.0 = Debug|Any CPU
		{6C4D981B-777E-4821-A72C-0AAC8AE6D525}.Release|Any CPU.ActiveCfg = Release|Any CPU
		{6C4D981B-777E-4821-A72C-0AAC8AE6D525}.Release|Any CPU.Build.0 = Release|Any CPU
		{1354E5F2-3B06-472D-967E-8A392AEC7F80}.Debug|Any CPU.ActiveCfg = Debug|Any CPU
		{1354E5F2-3B06-472D-967E-8A392AEC7F80}.Debug|Any CPU.Build.0 = Debug|Any CPU
		{1354E5F2-3B06-472D-967E-8A392AEC7F80}.Release|Any CPU.ActiveCfg = Release|Any CPU
		{1354E5F2-3B06-472D-967E-8A392AEC7F80}.Release|Any CPU.Build.0 = Release|Any CPU
	EndGlobalSection
	GlobalSection(SolutionProperties) = preSolution
		HideSolutionNode = FALSE
	EndGlobalSection
	GlobalSection(NestedProjects) = preSolution
		{56C92670-2547-4B82-97FA-C9677646836C} = {DD33F128-2475-4258-9D6F-67AC09E19B3C}
		{B23AAF4C-5C7A-41AC-9CBC-736F8291B93F} = {89E66243-7329-4FDA-A5DC-E8A42D0F4EC1}
		{693B87B0-F82C-4B7E-9DC7-9DC849DAFD77} = {89E66243-7329-4FDA-A5DC-E8A42D0F4EC1}
		{4B4BC71B-C727-4C81-9FBE-802606608447} = {89E66243-7329-4FDA-A5DC-E8A42D0F4EC1}
		{6C4D981B-777E-4821-A72C-0AAC8AE6D525} = {DD33F128-2475-4258-9D6F-67AC09E19B3C}
		{1354E5F2-3B06-472D-967E-8A392AEC7F80} = {DD33F128-2475-4258-9D6F-67AC09E19B3C}
	EndGlobalSection
EndGlobal
